{
  "name": "web3-example-app",
  "version": "1.0.0",
  "lockfileVersion": 1,
  "requires": true,
  "dependencies": {
    "react-async": {
      "version": "10.0.1",
      "resolved": "https://registry.npmjs.org/react-async/-/react-async-10.0.1.tgz",
      "integrity": "sha512-ORUz5ca0B57QgBIzEZM5SuhJ6xFjkvEEs0gylLNlWf06vuVcLZsjIw3wx58jJkZG38p+0nUAxRgFW2b7mnVZzA=="
    },
    "zokrates-js": {
      "version": "1.0.26",
      "resolved": "https://registry.npmjs.org/zokrates-js/-/zokrates-js-1.0.26.tgz",
      "integrity": "sha512-Van3S7t+05BsuLajOLMO054o49gLmNj7CyL6VlgRq8AKEVHHTs8GlSAsKGjLn2R7vcz5XKvweA84NRGi2M2DIQ=="
    }
  }
}
